{
  "nodes": {
    "dns": {
      "inputs": {
        "flake-utils": "flake-utils",
        "nixpkgs": [
          "nixos"
        ]
      },
      "locked": {
        "lastModified": 1617971069,
        "narHash": "sha256-Lg9X/O5e2qnLBjkGRVKMiOGssxZrsIgm9a26LJ1Ib38=",
        "owner": "kirelagin",
        "repo": "nix-dns",
        "rev": "c27914e527b79912ddc86a0f0f1ae5bd6a325519",
        "type": "github"
      },
      "original": {
        "owner": "kirelagin",
        "repo": "nix-dns",
        "type": "github"
      }
    },
    "flake-compat": {
      "flake": false,
      "locked": {
        "lastModified": 1606424373,
        "narHash": "sha256-oq8d4//CJOrVj+EcOaSXvMebvuTkmBJuT5tzlfewUnQ=",
        "owner": "edolstra",
        "repo": "flake-compat",
        "rev": "99f1c2157fba4bfe6211a321fd0ee43199025dbf",
        "type": "github"
      },
      "original": {
        "owner": "edolstra",
        "repo": "flake-compat",
        "type": "github"
      }
    },
    "flake-utils": {
      "locked": {
        "lastModified": 1614513358,
        "narHash": "sha256-LakhOx3S1dRjnh0b5Dg3mbZyH0ToC9I8Y2wKSkBaTzU=",
        "owner": "numtide",
        "repo": "flake-utils",
        "rev": "5466c5bbece17adaab2d82fae80b46e807611bf3",
        "type": "github"
      },
      "original": {
        "owner": "numtide",
        "repo": "flake-utils",
        "type": "github"
      }
    },
    "mangaki": {
      "inputs": {
        "flake-compat": "flake-compat",
        "nixpkgs": [
          "nixos"
        ]
      },
      "locked": {
        "lastModified": 1618325812,
        "narHash": "sha256-paepVE/8zlk/86A/u1Wl1aAvbGLsXGmMhzDWxZATv3o=",
        "owner": "mangaki",
        "repo": "mangaki",
        "rev": "0b18cf4e82e2bf0ed8a361c6a3c23f7c2be15619",
        "type": "github"
      },
      "original": {
        "owner": "mangaki",
        "ref": "raito-nixos",
        "repo": "mangaki",
        "type": "github"
      }
    },
    "nixos": {
      "locked": {
        "lastModified": 1618258464,
        "narHash": "sha256-pOnRc1lXouE8MTRB2M7TuQrcqWIPJV/iunc7FL4EIEo=",
        "owner": "NixOS",
        "repo": "nixpkgs",
        "rev": "cce26cd83d20356ee96ac9cf1de748e87fcc50b5",
        "type": "github"
      },
      "original": {
        "id": "nixpkgs",
        "ref": "nixos-20.09",
        "type": "indirect"
      }
    },
    "nixos-unstable": {
      "locked": {
        "lastModified": 1618072958,
        "narHash": "sha256-QDKj58ECixtb4EJMWV5D5Lb2xdCgab1Opi4zjQWbDOg=",
        "owner": "NixOS",
        "repo": "nixpkgs",
        "rev": "a73020b2a150322c9832b50baeb0296ba3b13dd7",
        "type": "github"
      },
      "original": {
        "id": "nixpkgs",
        "ref": "nixos-unstable",
        "type": "indirect"
      }
    },
    "nixpkgs": {
      "locked": {
        "lastModified": 1618324968,
        "narHash": "sha256-AWMYD/xSH/oZa25PRdKCi7NCEs5EhAhFz2UqtiEsWVU=",
        "owner": "NixOS",
        "repo": "nixpkgs",
        "rev": "b0ccb3aea9757881f2b4af87494c6168596c3e54",
        "type": "github"
      },
      "original": {
        "id": "nixpkgs",
        "type": "indirect"
      }
    },
    "root": {
      "inputs": {
        "dns": "dns",
        "mangaki": "mangaki",
        "nixos": "nixos",
        "nixos-unstable": "nixos-unstable",
        "nixpkgs": "nixpkgs",
        "simple-nixos-mailserver": "simple-nixos-mailserver"
      }
    },
    "simple-nixos-mailserver": {
      "inputs": {
        "nixpkgs": [
          "nixos"
        ],
        "utils": "utils"
      },
      "locked": {
        "lastModified": 1618259567,
        "narHash": "sha256-zeY0bgOskQ5HjAnUywXUAce24D+wM411IjkEh9PBzgU=",
        "owner": "simple-nixos-mailserver",
        "repo": "nixos-mailserver",
        "rev": "3069998c0f53e04e716bb698e721680b0db4e8ca",
        "type": "gitlab"
      },
      "original": {
        "owner": "simple-nixos-mailserver",
        "repo": "nixos-mailserver",
        "type": "gitlab"
      }
    },
    "utils": {
      "locked": {
        "lastModified": 1605370193,
        "narHash": "sha256-YyMTf3URDL/otKdKgtoMChu4vfVL3vCMkRqpGifhUn0=",
        "owner": "numtide",
        "repo": "flake-utils",
        "rev": "5021eac20303a61fafe17224c087f5519baed54d",
        "type": "github"
      },
      "original": {
        "owner": "numtide",
        "repo": "flake-utils",
        "type": "github"
      }
    }
  },
  "root": "root",
  "version": 7
}
